<?xml version="1.0" encoding="utf-8"?>
<Project ToolsVersion="4.0" xmlns="http://schemas.microsoft.com/developer/msbuild/2003">
  <ItemGroup>
    <ClCompile Include="Game.cpp">
      <Filter>Source Files</Filter>
    </ClCompile>
    <ClCompile Include="Level.cpp">
      <Filter>Source Files</Filter>
    </ClCompile>
    <ClCompile Include="main.cpp">
      <Filter>Source Files</Filter>
    </ClCompile>
    <ClCompile Include="MathUtils.cpp">
      <Filter>Source Files</Filter>
    </ClCompile>
    <ClCompile Include="Object.cpp">
      <Filter>Source Files</Filter>
    </ClCompile>
    <ClCompile Include="Player.cpp">
      <Filter>Source Files</Filter>
    </ClCompile>
    <ClCompile Include="Sprite.cpp">
      <Filter>Source Files</Filter>
    </ClCompile>
    <ClCompile Include="SpriteAnimation.cpp">
      <Filter>Source Files</Filter>
    </ClCompile>
    <ClCompile Include="World.cpp">
      <Filter>Source Files</Filter>
    </ClCompile>
  </ItemGroup>
  <ItemGroup>
    <ClInclude Include="Game.h">
      <Filter>Header Files</Filter>
    </ClInclude>
    <ClInclude Include="Globals.h">
      <Filter>Header Files</Filter>
    </ClInclude>
    <ClInclude Include="Level.h">
      <Filter>Header Files</Filter>
    </ClInclude>
    <ClInclude Include="MathUtils.h">
      <Filter>Header Files</Filter>
    </ClInclude>
    <ClInclude Include="Object.h">
      <Filter>Header Files</Filter>
    </ClInclude>
    <ClInclude Include="Player.h">
      <Filter>Header Files</Filter>
    </ClInclude>
    <ClInclude Include="Sprite.h">
      <Filter>Header Files</Filter>
    </ClInclude>
    <ClInclude Include="World.h">
      <Filter>Header Files</Filter>
    </ClInclude>
    <ClInclude Include="SpriteAnimation.h">
      <Filter>Header Files</Filter>
    </ClInclude>
  </ItemGroup>
  <ItemGroup>
    <Library Include="..\..\..\..\..\..\..\SDL\boost_1_56_0\boost_1_56_0\bin.v2\libs\regex\build\msvc-12.0\debug\link-static\threading-multi\libboost_regex-vc120-mt-gd-1_56.lib">
      <Filter>Resource Files</Filter>
    </Library>
    <Library Include="SDL2.lib">
      <Filter>Resource Files</Filter>
    </Library>
    <Library Include="..\..\..\..\..\..\..\SDL\SDL2_image-devel-2.0.0-VC\SDL2_image-2.0.0\lib\x86\SDL2_image.lib">
      <Filter>Resource Files</Filter>
    </Library>
    <Library Include="SDL2main.lib">
      <Filter>Resource Files</Filter>
    </Library>
  </ItemGroup>
  <ItemGroup>
    <Image Include="..\..\..\..\..\Desktop\Untitled.bmp">
      <Filter>Resource Files</Filter>
    </Image>
    <Image Include="tilesheet.png">
      <Filter>Resource Files</Filter>
    </Image>
    <Image Include="..\..\..\..\..\Desktop\backgroundtest.png">
      <Filter>Resource Files</Filter>
    </Image>
    <Image Include="player.png">
      <Filter>Resource Files</Filter>
    </Image>
  </ItemGroup>
  <ItemGroup>
    <None Include="libpng16-16.dll">
      <Filter>Resource Files</Filter>
    </None>
    <None Include="SDL2.dll">
      <Filter>Resource Files</Filter>
    </None>
    <None Include="SDL2_image.dll">
      <Filter>Resource Files</Filter>
    </None>
  </ItemGroup>
  <ItemGroup>
    <Filter Include="Header Files">
      <UniqueIdentifier>{e81e705b-268f-4cee-a6c1-94bac16c3fdc}</UniqueIdentifier>
    </Filter>
    <Filter Include="Source Files">
      <UniqueIdentifier>{25a1728b-ac20-4fb2-859a-cba035a5f8ea}</UniqueIdentifier>
    </Filter>
    <Filter Include="Resource Files">
      <UniqueIdentifier>{772c2359-cdc1-4058-bcab-53001da10f2b}</UniqueIdentifier>
    </Filter>
  </ItemGroup>
</Project>